PODS:
  - BlueSocket (1.0.52)
  - ColorCompatibility (1.0.0)
  - SwiftyJSON (4.3.0)

DEPENDENCIES:
  - BlueSocket
  - ColorCompatibility
  - SwiftyJSON (~> 4.0)

SPEC REPOS:
  trunk:
    - BlueSocket
    - ColorCompatibility
    - SwiftyJSON

SPEC CHECKSUMS:
  BlueSocket: 1acd943acb07b55905291d608649fcfbf8cbd57d
  ColorCompatibility: 2762fea4195ed88bfb15eeca3ca5de73bb4a9380
  SwiftyJSON: 6faa0040f8b59dead0ee07436cbf76b73c08fd08

PODFILE CHECKSUM: 9cc3f4ee0ae5a0485ca802bfe3e0512cdf8869dd

COCOAPODS: 1.9.3
